
Microsoft Visual Studio Solution File, Format Version 12.00
# Visual Studio Version 17
VisualStudioVersion = 17.0.31903.59
MinimumVisualStudioVersion = 10.0.40219.1
Project("{FAE04EC0-301F-11D3-BF4B-00C04F79EFBC}") = "PackageManager", "src\PackageManager.csproj", "{3E6F02AD-9E3B-42C3-8094-BD5DABA4FCDB}"
EndProject
Project("{2150E333-8FDC-42A3-9474-1A3956D46DE8}") = "tests", "tests", "{0AB3BF05-4346-4AA6-1389-037BE0695223}"
EndProject
Project("{FAE04EC0-301F-11D3-BF4B-00C04F79EFBC}") = "PackageManager.UnitTests", "tests\PackageManager.UnitTests\PackageManager.UnitTests.csproj", "{F6F839DA-3460-4FDD-8668-756DFBBBBBC5}"
EndProject
Project("{FAE04EC0-301F-11D3-BF4B-00C04F79EFBC}") = "PackageManager.IntegrationTests", "tests\PackageManager.IntegrationTests\PackageManager.IntegrationTests.csproj", "{4DEB0DA6-6D2B-441B-8ACB-DF58AE67B4B5}"
EndProject
Project("{FAE04EC0-301F-11D3-BF4B-00C04F79EFBC}") = "PackageManager.Benchmarks", "tests\PackageManager.Benchmarks\PackageManager.Benchmarks.csproj", "{7C405999-3744-4A6B-9AC7-FD58D6F06AEC}"
EndProject
Global
	GlobalSection(SolutionConfigurationPlatforms) = preSolution
		Debug|Any CPU = Debug|Any CPU
		Debug|x64 = Debug|x64
		Debug|x86 = Debug|x86
		Release|Any CPU = Release|Any CPU
		Release|x64 = Release|x64
		Release|x86 = Release|x86
	EndGlobalSection
	GlobalSection(ProjectConfigurationPlatforms) = postSolution
		{3E6F02AD-9E3B-42C3-8094-BD5DABA4FCDB}.Debug|Any CPU.ActiveCfg = Debug|Any CPU
		{3E6F02AD-9E3B-42C3-8094-BD5DABA4FCDB}.Debug|Any CPU.Build.0 = Debug|Any CPU
		{3E6F02AD-9E3B-42C3-8094-BD5DABA4FCDB}.Debug|x64.ActiveCfg = Debug|Any CPU
		{3E6F02AD-9E3B-42C3-8094-BD5DABA4FCDB}.Debug|x64.Build.0 = Debug|Any CPU
		{3E6F02AD-9E3B-42C3-8094-BD5DABA4FCDB}.Debug|x86.ActiveCfg = Debug|Any CPU
		{3E6F02AD-9E3B-42C3-8094-BD5DABA4FCDB}.Debug|x86.Build.0 = Debug|Any CPU
		{3E6F02AD-9E3B-42C3-8094-BD5DABA4FCDB}.Release|Any CPU.ActiveCfg = Release|Any CPU
		{3E6F02AD-9E3B-42C3-8094-BD5DABA4FCDB}.Release|Any CPU.Build.0 = Release|Any CPU
		{3E6F02AD-9E3B-42C3-8094-BD5DABA4FCDB}.Release|x64.ActiveCfg = Release|Any CPU
		{3E6F02AD-9E3B-42C3-8094-BD5DABA4FCDB}.Release|x64.Build.0 = Release|Any CPU
		{3E6F02AD-9E3B-42C3-8094-BD5DABA4FCDB}.Release|x86.ActiveCfg = Release|Any CPU
		{3E6F02AD-9E3B-42C3-8094-BD5DABA4FCDB}.Release|x86.Build.0 = Release|Any CPU
		{F6F839DA-3460-4FDD-8668-756DFBBBBBC5}.Debug|Any CPU.ActiveCfg = Debug|Any CPU
		{F6F839DA-3460-4FDD-8668-756DFBBBBBC5}.Debug|Any CPU.Build.0 = Debug|Any CPU
		{F6F839DA-3460-4FDD-8668-756DFBBBBBC5}.Debug|x64.ActiveCfg = Debug|Any CPU
		{F6F839DA-3460-4FDD-8668-756DFBBBBBC5}.Debug|x64.Build.0 = Debug|Any CPU
		{F6F839DA-3460-4FDD-8668-756DFBBBBBC5}.Debug|x86.ActiveCfg = Debug|Any CPU
		{F6F839DA-3460-4FDD-8668-756DFBBBBBC5}.Debug|x86.Build.0 = Debug|Any CPU
		{F6F839DA-3460-4FDD-8668-756DFBBBBBC5}.Release|Any CPU.ActiveCfg = Release|Any CPU
		{F6F839DA-3460-4FDD-8668-756DFBBBBBC5}.Release|Any CPU.Build.0 = Release|Any CPU
		{F6F839DA-3460-4FDD-8668-756DFBBBBBC5}.Release|x64.ActiveCfg = Release|Any CPU
		{F6F839DA-3460-4FDD-8668-756DFBBBBBC5}.Release|x64.Build.0 = Release|Any CPU
		{F6F839DA-3460-4FDD-8668-756DFBBBBBC5}.Release|x86.ActiveCfg = Release|Any CPU
		{F6F839DA-3460-4FDD-8668-756DFBBBBBC5}.Release|x86.Build.0 = Release|Any CPU
		{4DEB0DA6-6D2B-441B-8ACB-DF58AE67B4B5}.Debug|Any CPU.ActiveCfg = Debug|Any CPU
		{4DEB0DA6-6D2B-441B-8ACB-DF58AE67B4B5}.Debug|Any CPU.Build.0 = Debug|Any CPU
		{4DEB0DA6-6D2B-441B-8ACB-DF58AE67B4B5}.Debug|x64.ActiveCfg = Debug|Any CPU
		{4DEB0DA6-6D2B-441B-8ACB-DF58AE67B4B5}.Debug|x64.Build.0 = Debug|Any CPU
		{4DEB0DA6-6D2B-441B-8ACB-DF58AE67B4B5}.Debug|x86.ActiveCfg = Debug|Any CPU
		{4DEB0DA6-6D2B-441B-8ACB-DF58AE67B4B5}.Debug|x86.Build.0 = Debug|Any CPU
		{4DEB0DA6-6D2B-441B-8ACB-DF58AE67B4B5}.Release|Any CPU.ActiveCfg = Release|Any CPU
		{4DEB0DA6-6D2B-441B-8ACB-DF58AE67B4B5}.Release|Any CPU.Build.0 = Release|Any CPU
		{4DEB0DA6-6D2B-441B-8ACB-DF58AE67B4B5}.Release|x64.ActiveCfg = Release|Any CPU
		{4DEB0DA6-6D2B-441B-8ACB-DF58AE67B4B5}.Release|x64.Build.0 = Release|Any CPU
		{4DEB0DA6-6D2B-441B-8ACB-DF58AE67B4B5}.Release|x86.ActiveCfg = Release|Any CPU
		{4DEB0DA6-6D2B-441B-8ACB-DF58AE67B4B5}.Release|x86.Build.0 = Release|Any CPU
		{7C405999-3744-4A6B-9AC7-FD58D6F06AEC}.Debug|Any CPU.ActiveCfg = Debug|Any CPU
		{7C405999-3744-4A6B-9AC7-FD58D6F06AEC}.Debug|Any CPU.Build.0 = Debug|Any CPU
		{7C405999-3744-4A6B-9AC7-FD58D6F06AEC}.Debug|x64.ActiveCfg = Debug|Any CPU
		{7C405999-3744-4A6B-9AC7-FD58D6F06AEC}.Debug|x64.Build.0 = Debug|Any CPU
		{7C405999-3744-4A6B-9AC7-FD58D6F06AEC}.Debug|x86.ActiveCfg = Debug|Any CPU
		{7C405999-3744-4A6B-9AC7-FD58D6F06AEC}.Debug|x86.Build.0 = Debug|Any CPU
		{7C405999-3744-4A6B-9AC7-FD58D6F06AEC}.Release|Any CPU.ActiveCfg = Release|Any CPU
		{7C405999-3744-4A6B-9AC7-FD58D6F06AEC}.Release|Any CPU.Build.0 = Release|Any CPU
		{7C405999-3744-4A6B-9AC7-FD58D6F06AEC}.Release|x64.ActiveCfg = Release|Any CPU
		{7C405999-3744-4A6B-9AC7-FD58D6F06AEC}.Release|x64.Build.0 = Release|Any CPU
		{7C405999-3744-4A6B-9AC7-FD58D6F06AEC}.Release|x86.ActiveCfg = Release|Any CPU
		{7C405999-3744-4A6B-9AC7-FD58D6F06AEC}.Release|x86.Build.0 = Release|Any CPU
	EndGlobalSection
	GlobalSection(SolutionProperties) = preSolution
		HideSolutionNode = FALSE
	EndGlobalSection
	GlobalSection(NestedProjects) = preSolution
		{F6F839DA-3460-4FDD-8668-756DFBBBBBC5} = {0AB3BF05-4346-4AA6-1389-037BE0695223}
		{4DEB0DA6-6D2B-441B-8ACB-DF58AE67B4B5} = {0AB3BF05-4346-4AA6-1389-037BE0695223}
		{7C405999-3744-4A6B-9AC7-FD58D6F06AEC} = {0AB3BF05-4346-4AA6-1389-037BE0695223}
	EndGlobalSection
EndGlobal
